
Microsoft Visual Studio Solution File, Format Version 11.00
# Visual Studio 2010
Project("{FAE04EC0-301F-11D3-BF4B-00C04F79EFBC}") = "game project", "Assembly-CSharp.csproj", "{DACD1F32-3249-B376-4149-8B34FD8F7AD9}"
EndProject
Project("{FAE04EC0-301F-11D3-BF4B-00C04F79EFBC}") = "game project", "Assembly-CSharp-firstpass.csproj", "{FB285B05-A016-BF8C-A6DD-5DCC650C16CB}"
EndProject
Project("{FAE04EC0-301F-11D3-BF4B-00C04F79EFBC}") = "game project", "Assembly-CSharp-Editor-firstpass.csproj", "{77603709-2B89-5F41-987A-458988CD49F9}"
EndProject
Global
	GlobalSection(SolutionConfigurationPlatforms) = preSolution
		Debug|Any CPU = Debug|Any CPU
		Release|Any CPU = Release|Any CPU
	EndGlobalSection
	GlobalSection(ProjectConfigurationPlatforms) = postSolution
		{DACD1F32-3249-B376-4149-8B34FD8F7AD9}.Debug|Any CPU.ActiveCfg = Debug|Any CPU
		{DACD1F32-3249-B376-4149-8B34FD8F7AD9}.Debug|Any CPU.Build.0 = Debug|Any CPU
		{DACD1F32-3249-B376-4149-8B34FD8F7AD9}.Release|Any CPU.ActiveCfg = Release|Any CPU
		{DACD1F32-3249-B376-4149-8B34FD8F7AD9}.Release|Any CPU.Build.0 = Release|Any CPU
		{FB285B05-A016-BF8C-A6DD-5DCC650C16CB}.Debug|Any CPU.ActiveCfg = Debug|Any CPU
		{FB285B05-A016-BF8C-A6DD-5DCC650C16CB}.Debug|Any CPU.Build.0 = Debug|Any CPU
		{FB285B05-A016-BF8C-A6DD-5DCC650C16CB}.Release|Any CPU.ActiveCfg = Release|Any CPU
		{FB285B05-A016-BF8C-A6DD-5DCC650C16CB}.Release|Any CPU.Build.0 = Release|Any CPU
		{77603709-2B89-5F41-987A-458988CD49F9}.Debug|Any CPU.ActiveCfg = Debug|Any CPU
		{77603709-2B89-5F41-987A-458988CD49F9}.Debug|Any CPU.Build.0 = Debug|Any CPU
		{77603709-2B89-5F41-987A-458988CD49F9}.Release|Any CPU.ActiveCfg = Release|Any CPU
		{77603709-2B89-5F41-987A-458988CD49F9}.Release|Any CPU.Build.0 = Release|Any CPU
	EndGlobalSection
	GlobalSection(SolutionProperties) = preSolution
		HideSolutionNode = FALSE
	EndGlobalSection
	GlobalSection(MonoDevelopProperties) = preSolution
		StartupItem = Assembly-CSharp.csproj
	EndGlobalSection
EndGlobal
